
Microsoft Visual Studio Solution File, Format Version 12.00
# Visual Studio Version 16
VisualStudioVersion = 16.0.31624.102
MinimumVisualStudioVersion = 10.0.40219.1
Project("{FAE04EC0-301F-11D3-BF4B-00C04F79EFBC}") = "StatesAndCapitalsQuiz", "StatesAndCapitalsQuiz\StatesAndCapitalsQuiz.csproj", "{12FD9403-55CA-4EFE-87AA-FB406B5A615D}"
EndProject
Project("{FAE04EC0-301F-11D3-BF4B-00C04F79EFBC}") = "StatesAndCapitalQuiz_Dto", "StatesAndCapitalQuiz_Dto\StatesAndCapitalQuiz_Dto.csproj", "{A9C0A2EE-CED9-4CCB-A2F6-7F4DAD72C39B}"
EndProject
Project("{FAE04EC0-301F-11D3-BF4B-00C04F79EFBC}") = "StatesAndCapitalsQuiz_DataAccess", "StatesAndCapitalsQuiz_DataAccess\StatesAndCapitalsQuiz_DataAccess.csproj", "{9546648D-E493-4D4A-9DF5-0EB8F9F48277}"
EndProject
Global
	GlobalSection(SolutionConfigurationPlatforms) = preSolution
		Debug|Any CPU = Debug|Any CPU
		Release|Any CPU = Release|Any CPU
	EndGlobalSection
	GlobalSection(ProjectConfigurationPlatforms) = postSolution
		{12FD9403-55CA-4EFE-87AA-FB406B5A615D}.Debug|Any CPU.ActiveCfg = Debug|Any CPU
		{12FD9403-55CA-4EFE-87AA-FB406B5A615D}.Debug|Any CPU.Build.0 = Debug|Any CPU
		{12FD9403-55CA-4EFE-87AA-FB406B5A615D}.Release|Any CPU.ActiveCfg = Release|Any CPU
		{12FD9403-55CA-4EFE-87AA-FB406B5A615D}.Release|Any CPU.Build.0 = Release|Any CPU
		{A9C0A2EE-CED9-4CCB-A2F6-7F4DAD72C39B}.Debug|Any CPU.ActiveCfg = Debug|Any CPU
		{A9C0A2EE-CED9-4CCB-A2F6-7F4DAD72C39B}.Debug|Any CPU.Build.0 = Debug|Any CPU
		{A9C0A2EE-CED9-4CCB-A2F6-7F4DAD72C39B}.Release|Any CPU.ActiveCfg = Release|Any CPU
		{A9C0A2EE-CED9-4CCB-A2F6-7F4DAD72C39B}.Release|Any CPU.Build.0 = Release|Any CPU
		{9546648D-E493-4D4A-9DF5-0EB8F9F48277}.Debug|Any CPU.ActiveCfg = Debug|Any CPU
		{9546648D-E493-4D4A-9DF5-0EB8F9F48277}.Debug|Any CPU.Build.0 = Debug|Any CPU
		{9546648D-E493-4D4A-9DF5-0EB8F9F48277}.Release|Any CPU.ActiveCfg = Release|Any CPU
		{9546648D-E493-4D4A-9DF5-0EB8F9F48277}.Release|Any CPU.Build.0 = Release|Any CPU
	EndGlobalSection
	GlobalSection(SolutionProperties) = preSolution
		HideSolutionNode = FALSE
	EndGlobalSection
	GlobalSection(ExtensibilityGlobals) = postSolution
		SolutionGuid = {0513E591-F94C-4187-B9A9-93D95910CC64}
	EndGlobalSection
EndGlobal
